
Microsoft Visual Studio Solution File, Format Version 12.00
# Visual Studio Version 17
VisualStudioVersion = 17.2.32516.85
MinimumVisualStudioVersion = 10.0.40219.1
Project("{FAE04EC0-301F-11D3-BF4B-00C04F79EFBC}") = "ElephantReferences", "ElephantReferences\ElephantReferences.csproj", "{B24AA979-3CEB-4BE0-BFFB-AD040CBADEA8}"
EndProject
Global
	GlobalSection(SolutionConfigurationPlatforms) = preSolution
		Debug|Any CPU = Debug|Any CPU
		Release|Any CPU = Release|Any CPU
	EndGlobalSection
	GlobalSection(ProjectConfigurationPlatforms) = postSolution
		{B24AA979-3CEB-4BE0-BFFB-AD040CBADEA8}.Debug|Any CPU.ActiveCfg = Debug|Any CPU
		{B24AA979-3CEB-4BE0-BFFB-AD040CBADEA8}.Debug|Any CPU.Build.0 = Debug|Any CPU
		{B24AA979-3CEB-4BE0-BFFB-AD040CBADEA8}.Release|Any CPU.ActiveCfg = Release|Any CPU
		{B24AA979-3CEB-4BE0-BFFB-AD040CBADEA8}.Release|Any CPU.Build.0 = Release|Any CPU
	EndGlobalSection
	GlobalSection(SolutionProperties) = preSolution
		HideSolutionNode = FALSE
	EndGlobalSection
	GlobalSection(ExtensibilityGlobals) = postSolution
		SolutionGuid = {08DCAF93-DD1B-4D58-9939-F8F521820EC8}
	EndGlobalSection
EndGlobal
